
Microsoft Visual Studio Solution File, Format Version 12.00
# Visual Studio Version 17
VisualStudioVersion = 17.9.34902.65
MinimumVisualStudioVersion = 10.0.40219.1
Project("{FAE04EC0-301F-11D3-BF4B-00C04F79EFBC}") = "WpfAppSample", "WpfAppSample\WpfAppSample.csproj", "{8DE79C98-F03D-463B-B53B-928C3A9602C3}"
EndProject
Global
	GlobalSection(SolutionConfigurationPlatforms) = preSolution
		Debug|Any CPU = Debug|Any CPU
		Release|Any CPU = Release|Any CPU
	EndGlobalSection
	GlobalSection(ProjectConfigurationPlatforms) = postSolution
		{8DE79C98-F03D-463B-B53B-928C3A9602C3}.Debug|Any CPU.ActiveCfg = Debug|Any CPU
		{8DE79C98-F03D-463B-B53B-928C3A9602C3}.Debug|Any CPU.Build.0 = Debug|Any CPU
		{8DE79C98-F03D-463B-B53B-928C3A9602C3}.Release|Any CPU.ActiveCfg = Release|Any CPU
		{8DE79C98-F03D-463B-B53B-928C3A9602C3}.Release|Any CPU.Build.0 = Release|Any CPU
	EndGlobalSection
	GlobalSection(SolutionProperties) = preSolution
		HideSolutionNode = FALSE
	EndGlobalSection
	GlobalSection(ExtensibilityGlobals) = postSolution
		SolutionGuid = {8C79967E-69C4-4FCA-97E0-23B33D65A4BD}
	EndGlobalSection
EndGlobal
